// !$*UTF8*$!
{
	archiveVersion = 1;
	classes = {
	};
	objectVersion = 52;
	objects = {

/* Begin PBXBuildFile section */
		D0EB87F026971A9000947AAF /* ValentineLavApp.swift in Sources */ = {isa = PBXBuildFile; fileRef = D0EB87EF26971A9000947AAF /* ValentineLavApp.swift */; };
		D0EB87F226971A9000947AAF /* ContentView.swift in Sources */ = {isa = PBXBuildFile; fileRef = D0EB87F126971A9000947AAF /* ContentView.swift */; };
		D0EB87F426971A9200947AAF /* Assets.xcassets in Resources */ = {isa = PBXBuildFile; fileRef = D0EB87F326971A9200947AAF /* Assets.xcassets */; };
		D0EB87F726971A9200947AAF /* Preview Assets.xcassets in Resources */ = {isa = PBXBuildFile; fileRef = D0EB87F626971A9200947AAF /* Preview Assets.xcassets */; };
		D0EB880226971A9300947AAF /* ValentineLavTests.swift in Sources */ = {isa = PBXBuildFile; fileRef = D0EB880126971A9300947AAF /* ValentineLavTests.swift */; };
		D0EB880D26971A9300947AAF /* ValentineLavUITests.swift in Sources */ = {isa = PBXBuildFile; fileRef = D0EB880C26971A9300947AAF /* ValentineLavUITests.swift */; };
		D0EB881F26971B7200947AAF /* Exercice1.swift in Sources */ = {isa = PBXBuildFile; fileRef = D0EB881E26971B7200947AAF /* Exercice1.swift */; };
		D0EB882726971B7C00947AAF /* Exercice2.swift in Sources */ = {isa = PBXBuildFile; fileRef = D0EB882626971B7C00947AAF /* Exercice2.swift */; };
		D0EB882C26971B8700947AAF /* Exercice3.swift in Sources */ = {isa = PBXBuildFile; fileRef = D0EB882B26971B8700947AAF /* Exercice3.swift */; };
		D0EB8832269728BD00947AAF /* Pizza.swift in Sources */ = {isa = PBXBuildFile; fileRef = D0EB8831269728BD00947AAF /* Pizza.swift */; };
		D0EB883A26972AE600947AAF /* OrderPizzaView.swift in Sources */ = {isa = PBXBuildFile; fileRef = D0EB883926972AE600947AAF /* OrderPizzaView.swift */; };
		D0EB8844269730BD00947AAF /* OrderCell.swift in Sources */ = {isa = PBXBuildFile; fileRef = D0EB8843269730BD00947AAF /* OrderCell.swift */; };
		D0EB8859269746A700947AAF /* Kingfisher in Frameworks */ = {isa = PBXBuildFile; productRef = D0EB8858269746A700947AAF /* Kingfisher */; };
		D0EB885E2697484F00947AAF /* Constants.swift in Sources */ = {isa = PBXBuildFile; fileRef = D0EB885D2697484F00947AAF /* Constants.swift */; };
/* End PBXBuildFile section */

/* Begin PBXContainerItemProxy section */
		D0EB87FE26971A9300947AAF /* PBXContainerItemProxy */ = {
			isa = PBXContainerItemProxy;
			containerPortal = D0EB87E426971A9000947AAF /* Project object */;
			proxyType = 1;
			remoteGlobalIDString = D0EB87EB26971A9000947AAF;
			remoteInfo = ValentineLav;
		};
		D0EB880926971A9300947AAF /* PBXContainerItemProxy */ = {
			isa = PBXContainerItemProxy;
			containerPortal = D0EB87E426971A9000947AAF /* Project object */;
			proxyType = 1;
			remoteGlobalIDString = D0EB87EB26971A9000947AAF;
			remoteInfo = ValentineLav;
		};
/* End PBXContainerItemProxy section */

/* Begin PBXFileReference section */
		D0EB87EC26971A9000947AAF /* ValentineLav.app */ = {isa = PBXFileReference; explicitFileType = wrapper.application; includeInIndex = 0; path = ValentineLav.app; sourceTree = BUILT_PRODUCTS_DIR; };
		D0EB87EF26971A9000947AAF /* ValentineLavApp.swift */ = {isa = PBXFileReference; lastKnownFileType = sourcecode.swift; path = ValentineLavApp.swift; sourceTree = "<group>"; };
		D0EB87F126971A9000947AAF /* ContentView.swift */ = {isa = PBXFileReference; lastKnownFileType = sourcecode.swift; path = ContentView.swift; sourceTree = "<group>"; };
		D0EB87F326971A9200947AAF /* Assets.xcassets */ = {isa = PBXFileReference; lastKnownFileType = folder.assetcatalog; path = Assets.xcassets; sourceTree = "<group>"; };
		D0EB87F626971A9200947AAF /* Preview Assets.xcassets */ = {isa = PBXFileReference; lastKnownFileType = folder.assetcatalog; path = "Preview Assets.xcassets"; sourceTree = "<group>"; };
		D0EB87F826971A9200947AAF /* Info.plist */ = {isa = PBXFileReference; lastKnownFileType = text.plist.xml; path = Info.plist; sourceTree = "<group>"; };
		D0EB87FD26971A9300947AAF /* ValentineLavTests.xctest */ = {isa = PBXFileReference; explicitFileType = wrapper.cfbundle; includeInIndex = 0; path = ValentineLavTests.xctest; sourceTree = BUILT_PRODUCTS_DIR; };
		D0EB880126971A9300947AAF /* ValentineLavTests.swift */ = {isa = PBXFileReference; lastKnownFileType = sourcecode.swift; path = ValentineLavTests.swift; sourceTree = "<group>"; };
		D0EB880326971A9300947AAF /* Info.plist */ = {isa = PBXFileReference; lastKnownFileType = text.plist.xml; path = Info.plist; sourceTree = "<group>"; };
		D0EB880826971A9300947AAF /* ValentineLavUITests.xctest */ = {isa = PBXFileReference; explicitFileType = wrapper.cfbundle; includeInIndex = 0; path = ValentineLavUITests.xctest; sourceTree = BUILT_PRODUCTS_DIR; };
		D0EB880C26971A9300947AAF /* ValentineLavUITests.swift */ = {isa = PBXFileReference; lastKnownFileType = sourcecode.swift; path = ValentineLavUITests.swift; sourceTree = "<group>"; };
		D0EB880E26971A9300947AAF /* Info.plist */ = {isa = PBXFileReference; lastKnownFileType = text.plist.xml; path = Info.plist; sourceTree = "<group>"; };
		D0EB881E26971B7200947AAF /* Exercice1.swift */ = {isa = PBXFileReference; lastKnownFileType = sourcecode.swift; path = Exercice1.swift; sourceTree = "<group>"; };
		D0EB882626971B7C00947AAF /* Exercice2.swift */ = {isa = PBXFileReference; lastKnownFileType = sourcecode.swift; path = Exercice2.swift; sourceTree = "<group>"; };
		D0EB882B26971B8700947AAF /* Exercice3.swift */ = {isa = PBXFileReference; lastKnownFileType = sourcecode.swift; path = Exercice3.swift; sourceTree = "<group>"; };
		D0EB8831269728BD00947AAF /* Pizza.swift */ = {isa = PBXFileReference; lastKnownFileType = sourcecode.swift; path = Pizza.swift; sourceTree = "<group>"; };
		D0EB883926972AE600947AAF /* OrderPizzaView.swift */ = {isa = PBXFileReference; lastKnownFileType = sourcecode.swift; path = OrderPizzaView.swift; sourceTree = "<group>"; };
		D0EB8843269730BD00947AAF /* OrderCell.swift */ = {isa = PBXFileReference; lastKnownFileType = sourcecode.swift; path = OrderCell.swift; sourceTree = "<group>"; };
		D0EB885D2697484F00947AAF /* Constants.swift */ = {isa = PBXFileReference; lastKnownFileType = sourcecode.swift; path = Constants.swift; sourceTree = "<group>"; };
/* End PBXFileReference section */

/* Begin PBXFrameworksBuildPhase section */
		D0EB87E926971A9000947AAF /* Frameworks */ = {
			isa = PBXFrameworksBuildPhase;
			buildActionMask = 2147483647;
			files = (
				D0EB8859269746A700947AAF /* Kingfisher in Frameworks */,
			);
			runOnlyForDeploymentPostprocessing = 0;
		};
		D0EB87FA26971A9300947AAF /* Frameworks */ = {
			isa = PBXFrameworksBuildPhase;
			buildActionMask = 2147483647;
			files = (
			);
			runOnlyForDeploymentPostprocessing = 0;
		};
		D0EB880526971A9300947AAF /* Frameworks */ = {
			isa = PBXFrameworksBuildPhase;
			buildActionMask = 2147483647;
			files = (
			);
			runOnlyForDeploymentPostprocessing = 0;
		};
/* End PBXFrameworksBuildPhase section */

/* Begin PBXGroup section */
		D0EB87E326971A9000947AAF = {
			isa = PBXGroup;
			children = (
				D0EB87EE26971A9000947AAF /* ValentineLav */,
				D0EB880026971A9300947AAF /* ValentineLavTests */,
				D0EB880B26971A9300947AAF /* ValentineLavUITests */,
				D0EB87ED26971A9000947AAF /* Products */,
			);
			sourceTree = "<group>";
		};
		D0EB87ED26971A9000947AAF /* Products */ = {
			isa = PBXGroup;
			children = (
				D0EB87EC26971A9000947AAF /* ValentineLav.app */,
				D0EB87FD26971A9300947AAF /* ValentineLavTests.xctest */,
				D0EB880826971A9300947AAF /* ValentineLavUITests.xctest */,
			);
			name = Products;
			sourceTree = "<group>";
		};
		D0EB87EE26971A9000947AAF /* ValentineLav */ = {
			isa = PBXGroup;
			children = (
				D0EB8830269728A900947AAF /* Models */,
				D0EB881D26971B6300947AAF /* Views */,
				D0EB87EF26971A9000947AAF /* ValentineLavApp.swift */,
				D0EB87F126971A9000947AAF /* ContentView.swift */,
				D0EB87F326971A9200947AAF /* Assets.xcassets */,
				D0EB87F826971A9200947AAF /* Info.plist */,
				D0EB87F526971A9200947AAF /* Preview Content */,
				D0EB885D2697484F00947AAF /* Constants.swift */,
			);
			path = ValentineLav;
			sourceTree = "<group>";
		};
		D0EB87F526971A9200947AAF /* Preview Content */ = {
			isa = PBXGroup;
			children = (
				D0EB87F626971A9200947AAF /* Preview Assets.xcassets */,
			);
			path = "Preview Content";
			sourceTree = "<group>";
		};
		D0EB880026971A9300947AAF /* ValentineLavTests */ = {
			isa = PBXGroup;
			children = (
				D0EB880126971A9300947AAF /* ValentineLavTests.swift */,
				D0EB880326971A9300947AAF /* Info.plist */,
			);
			path = ValentineLavTests;
			sourceTree = "<group>";
		};
		D0EB880B26971A9300947AAF /* ValentineLavUITests */ = {
			isa = PBXGroup;
			children = (
				D0EB880C26971A9300947AAF /* ValentineLavUITests.swift */,
				D0EB880E26971A9300947AAF /* Info.plist */,
			);
			path = ValentineLavUITests;
			sourceTree = "<group>";
		};
		D0EB881D26971B6300947AAF /* Views */ = {
			isa = PBXGroup;
			children = (
				D0EB881E26971B7200947AAF /* Exercice1.swift */,
				D0EB882626971B7C00947AAF /* Exercice2.swift */,
				D0EB882B26971B8700947AAF /* Exercice3.swift */,
				D0EB883926972AE600947AAF /* OrderPizzaView.swift */,
			);
			path = Views;
			sourceTree = "<group>";
		};
		D0EB8830269728A900947AAF /* Models */ = {
			isa = PBXGroup;
			children = (
				D0EB8831269728BD00947AAF /* Pizza.swift */,
				D0EB8843269730BD00947AAF /* OrderCell.swift */,
			);
			path = Models;
			sourceTree = "<group>";
		};
/* End PBXGroup section */

/* Begin PBXNativeTarget section */
		D0EB87EB26971A9000947AAF /* ValentineLav */ = {
			isa = PBXNativeTarget;
			buildConfigurationList = D0EB881126971A9300947AAF /* Build configuration list for PBXNativeTarget "ValentineLav" */;
			buildPhases = (
				D0EB87E826971A9000947AAF /* Sources */,
				D0EB87E926971A9000947AAF /* Frameworks */,
				D0EB87EA26971A9000947AAF /* Resources */,
			);
			buildRules = (
			);
			dependencies = (
			);
			name = ValentineLav;
			packageProductDependencies = (
				D0EB8858269746A700947AAF /* Kingfisher */,
			);
			productName = ValentineLav;
			productReference = D0EB87EC26971A9000947AAF /* ValentineLav.app */;
			productType = "com.apple.product-type.application";
		};
		D0EB87FC26971A9300947AAF /* ValentineLavTests */ = {
			isa = PBXNativeTarget;
			buildConfigurationList = D0EB881426971A9300947AAF /* Build configuration list for PBXNativeTarget "ValentineLavTests" */;
			buildPhases = (
				D0EB87F926971A9300947AAF /* Sources */,
				D0EB87FA26971A9300947AAF /* Frameworks */,
				D0EB87FB26971A9300947AAF /* Resources */,
			);
			buildRules = (
			);
			dependencies = (
				D0EB87FF26971A9300947AAF /* PBXTargetDependency */,
			);
			name = ValentineLavTests;
			productName = ValentineLavTests;
			productReference = D0EB87FD26971A9300947AAF /* ValentineLavTests.xctest */;
			productType = "com.apple.product-type.bundle.unit-test";
		};
		D0EB880726971A9300947AAF /* ValentineLavUITests */ = {
			isa = PBXNativeTarget;
			buildConfigurationList = D0EB881726971A9300947AAF /* Build configuration list for PBXNativeTarget "ValentineLavUITests" */;
			buildPhases = (
				D0EB880426971A9300947AAF /* Sources */,
				D0EB880526971A9300947AAF /* Frameworks */,
				D0EB880626971A9300947AAF /* Resources */,
			);
			buildRules = (
			);
			dependencies = (
				D0EB880A26971A9300947AAF /* PBXTargetDependency */,
			);
			name = ValentineLavUITests;
			productName = ValentineLavUITests;
			productReference = D0EB880826971A9300947AAF /* ValentineLavUITests.xctest */;
			productType = "com.apple.product-type.bundle.ui-testing";
		};
/* End PBXNativeTarget section */

/* Begin PBXProject section */
		D0EB87E426971A9000947AAF /* Project object */ = {
			isa = PBXProject;
			attributes = {
				LastSwiftUpdateCheck = 1200;
				LastUpgradeCheck = 1200;
				TargetAttributes = {
					D0EB87EB26971A9000947AAF = {
						CreatedOnToolsVersion = 12.0;
					};
					D0EB87FC26971A9300947AAF = {
						CreatedOnToolsVersion = 12.0;
						TestTargetID = D0EB87EB26971A9000947AAF;
					};
					D0EB880726971A9300947AAF = {
						CreatedOnToolsVersion = 12.0;
						TestTargetID = D0EB87EB26971A9000947AAF;
					};
				};
			};
			buildConfigurationList = D0EB87E726971A9000947AAF /* Build configuration list for PBXProject "ValentineLav" */;
			compatibilityVersion = "Xcode 9.3";
			developmentRegion = en;
			hasScannedForEncodings = 0;
			knownRegions = (
				en,
				Base,
			);
			mainGroup = D0EB87E326971A9000947AAF;
			packageReferences = (
				D0EB8857269746A700947AAF /* XCRemoteSwiftPackageReference "Kingfisher" */,
			);
			productRefGroup = D0EB87ED26971A9000947AAF /* Products */;
			projectDirPath = "";
			projectRoot = "";
			targets = (
				D0EB87EB26971A9000947AAF /* ValentineLav */,
				D0EB87FC26971A9300947AAF /* ValentineLavTests */,
				D0EB880726971A9300947AAF /* ValentineLavUITests */,
			);
		};
/* End PBXProject section */

/* Begin PBXResourcesBuildPhase section */
		D0EB87EA26971A9000947AAF /* Resources */ = {
			isa = PBXResourcesBuildPhase;
			buildActionMask = 2147483647;
			files = (
				D0EB87F726971A9200947AAF /* Preview Assets.xcassets in Resources */,
				D0EB87F426971A9200947AAF /* Assets.xcassets in Resources */,
			);
			runOnlyForDeploymentPostprocessing = 0;
		};
		D0EB87FB26971A9300947AAF /* Resources */ = {
			isa = PBXResourcesBuildPhase;
			buildActionMask = 2147483647;
			files = (
			);
			runOnlyForDeploymentPostprocessing = 0;
		};
		D0EB880626971A9300947AAF /* Resources */ = {
			isa = PBXResourcesBuildPhase;
			buildActionMask = 2147483647;
			files = (
			);
			runOnlyForDeploymentPostprocessing = 0;
		};
/* End PBXResourcesBuildPhase section */

/* Begin PBXSourcesBuildPhase section */
		D0EB87E826971A9000947AAF /* Sources */ = {
			isa = PBXSourcesBuildPhase;
			buildActionMask = 2147483647;
			files = (
				D0EB883A26972AE600947AAF /* OrderPizzaView.swift in Sources */,
				D0EB8832269728BD00947AAF /* Pizza.swift in Sources */,
				D0EB882726971B7C00947AAF /* Exercice2.swift in Sources */,
				D0EB8844269730BD00947AAF /* OrderCell.swift in Sources */,
				D0EB882C26971B8700947AAF /* Exercice3.swift in Sources */,
				D0EB87F226971A9000947AAF /* ContentView.swift in Sources */,
				D0EB87F026971A9000947AAF /* ValentineLavApp.swift in Sources */,
				D0EB881F26971B7200947AAF /* Exercice1.swift in Sources */,
				D0EB885E2697484F00947AAF /* Constants.swift in Sources */,
			);
			runOnlyForDeploymentPostprocessing = 0;
		};
		D0EB87F926971A9300947AAF /* Sources */ = {
			isa = PBXSourcesBuildPhase;
			buildActionMask = 2147483647;
			files = (
				D0EB880226971A9300947AAF /* ValentineLavTests.swift in Sources */,
			);
			runOnlyForDeploymentPostprocessing = 0;
		};
		D0EB880426971A9300947AAF /* Sources */ = {
			isa = PBXSourcesBuildPhase;
			buildActionMask = 2147483647;
			files = (
				D0EB880D26971A9300947AAF /* ValentineLavUITests.swift in Sources */,
			);
			runOnlyForDeploymentPostprocessing = 0;
		};
/* End PBXSourcesBuildPhase section */

/* Begin PBXTargetDependency section */
		D0EB87FF26971A9300947AAF /* PBXTargetDependency */ = {
			isa = PBXTargetDependency;
			target = D0EB87EB26971A9000947AAF /* ValentineLav */;
			targetProxy = D0EB87FE26971A9300947AAF /* PBXContainerItemProxy */;
		};
		D0EB880A26971A9300947AAF /* PBXTargetDependency */ = {
			isa = PBXTargetDependency;
			target = D0EB87EB26971A9000947AAF /* ValentineLav */;
			targetProxy = D0EB880926971A9300947AAF /* PBXContainerItemProxy */;
		};
/* End PBXTargetDependency section */

/* Begin XCBuildConfiguration section */
		D0EB880F26971A9300947AAF /* Debug */ = {
			isa = XCBuildConfiguration;
			buildSettings = {
				ALWAYS_SEARCH_USER_PATHS = NO;
				CLANG_ANALYZER_NONNULL = YES;
				CLANG_ANALYZER_NUMBER_OBJECT_CONVERSION = YES_AGGRESSIVE;
				CLANG_CXX_LANGUAGE_STANDARD = "gnu++14";
				CLANG_CXX_LIBRARY = "libc++";
				CLANG_ENABLE_MODULES = YES;
				CLANG_ENABLE_OBJC_ARC = YES;
				CLANG_ENABLE_OBJC_WEAK = YES;
				CLANG_WARN_BLOCK_CAPTURE_AUTORELEASING = YES;
				CLANG_WARN_BOOL_CONVERSION = YES;
				CLANG_WARN_COMMA = YES;
				CLANG_WARN_CONSTANT_CONVERSION = YES;
				CLANG_WARN_DEPRECATED_OBJC_IMPLEMENTATIONS = YES;
				CLANG_WARN_DIRECT_OBJC_ISA_USAGE = YES_ERROR;
				CLANG_WARN_DOCUMENTATION_COMMENTS = YES;
				CLANG_WARN_EMPTY_BODY = YES;
				CLANG_WARN_ENUM_CONVERSION = YES;
				CLANG_WARN_INFINITE_RECURSION = YES;
				CLANG_WARN_INT_CONVERSION = YES;
				CLANG_WARN_NON_LITERAL_NULL_CONVERSION = YES;
				CLANG_WARN_OBJC_IMPLICIT_RETAIN_SELF = YES;
				CLANG_WARN_OBJC_LITERAL_CONVERSION = YES;
				CLANG_WARN_OBJC_ROOT_CLASS = YES_ERROR;
				CLANG_WARN_QUOTED_INCLUDE_IN_FRAMEWORK_HEADER = YES;
				CLANG_WARN_RANGE_LOOP_ANALYSIS = YES;
				CLANG_WARN_STRICT_PROTOTYPES = YES;
				CLANG_WARN_SUSPICIOUS_MOVE = YES;
				CLANG_WARN_UNGUARDED_AVAILABILITY = YES_AGGRESSIVE;
				CLANG_WARN_UNREACHABLE_CODE = YES;
				CLANG_WARN__DUPLICATE_METHOD_MATCH = YES;
				COPY_PHASE_STRIP = NO;
				DEBUG_INFORMATION_FORMAT = dwarf;
				ENABLE_STRICT_OBJC_MSGSEND = YES;
				ENABLE_TESTABILITY = YES;
				GCC_C_LANGUAGE_STANDARD = gnu11;
				GCC_DYNAMIC_NO_PIC = NO;
				GCC_NO_COMMON_BLOCKS = YES;
				GCC_OPTIMIZATION_LEVEL = 0;
				GCC_PREPROCESSOR_DEFINITIONS = (
					"DEBUG=1",
					"$(inherited)",
				);
				GCC_WARN_64_TO_32_BIT_CONVERSION = YES;
				GCC_WARN_ABOUT_RETURN_TYPE = YES_ERROR;
				GCC_WARN_UNDECLARED_SELECTOR = YES;
				GCC_WARN_UNINITIALIZED_AUTOS = YES_AGGRESSIVE;
				GCC_WARN_UNUSED_FUNCTION = YES;
				GCC_WARN_UNUSED_VARIABLE = YES;
				IPHONEOS_DEPLOYMENT_TARGET = 14.0;
				MTL_ENABLE_DEBUG_INFO = INCLUDE_SOURCE;
				MTL_FAST_MATH = YES;
				ONLY_ACTIVE_ARCH = YES;
				SDKROOT = iphoneos;
				SWIFT_ACTIVE_COMPILATION_CONDITIONS = DEBUG;
				SWIFT_OPTIMIZATION_LEVEL = "-Onone";
			};
			name = Debug;
		};
		D0EB881026971A9300947AAF /* Release */ = {
			isa = XCBuildConfiguration;
			buildSettings = {
				ALWAYS_SEARCH_USER_PATHS = NO;
				CLANG_ANALYZER_NONNULL = YES;
				CLANG_ANALYZER_NUMBER_OBJECT_CONVERSION = YES_AGGRESSIVE;
				CLANG_CXX_LANGUAGE_STANDARD = "gnu++14";
				CLANG_CXX_LIBRARY = "libc++";
				CLANG_ENABLE_MODULES = YES;
				CLANG_ENABLE_OBJC_ARC = YES;
				CLANG_ENABLE_OBJC_WEAK = YES;
				CLANG_WARN_BLOCK_CAPTURE_AUTORELEASING = YES;
				CLANG_WARN_BOOL_CONVERSION = YES;
				CLANG_WARN_COMMA = YES;
				CLANG_WARN_CONSTANT_CONVERSION = YES;
				CLANG_WARN_DEPRECATED_OBJC_IMPLEMENTATIONS = YES;
				CLANG_WARN_DIRECT_OBJC_ISA_USAGE = YES_ERROR;
				CLANG_WARN_DOCUMENTATION_COMMENTS = YES;
				CLANG_WARN_EMPTY_BODY = YES;
				CLANG_WARN_ENUM_CONVERSION = YES;
				CLANG_WARN_INFINITE_RECURSION = YES;
				CLANG_WARN_INT_CONVERSION = YES;
				CLANG_WARN_NON_LITERAL_NULL_CONVERSION = YES;
				CLANG_WARN_OBJC_IMPLICIT_RETAIN_SELF = YES;
				CLANG_WARN_OBJC_LITERAL_CONVERSION = YES;
				CLANG_WARN_OBJC_ROOT_CLASS = YES_ERROR;
				CLANG_WARN_QUOTED_INCLUDE_IN_FRAMEWORK_HEADER = YES;
				CLANG_WARN_RANGE_LOOP_ANALYSIS = YES;
				CLANG_WARN_STRICT_PROTOTYPES = YES;
				CLANG_WARN_SUSPICIOUS_MOVE = YES;
				CLANG_WARN_UNGUARDED_AVAILABILITY = YES_AGGRESSIVE;
				CLANG_WARN_UNREACHABLE_CODE = YES;
				CLANG_WARN__DUPLICATE_METHOD_MATCH = YES;
				COPY_PHASE_STRIP = NO;
				DEBUG_INFORMATION_FORMAT = "dwarf-with-dsym";
				ENABLE_NS_ASSERTIONS = NO;
				ENABLE_STRICT_OBJC_MSGSEND = YES;
				GCC_C_LANGUAGE_STANDARD = gnu11;
				GCC_NO_COMMON_BLOCKS = YES;
				GCC_WARN_64_TO_32_BIT_CONVERSION = YES;
				GCC_WARN_ABOUT_RETURN_TYPE = YES_ERROR;
				GCC_WARN_UNDECLARED_SELECTOR = YES;
				GCC_WARN_UNINITIALIZED_AUTOS = YES_AGGRESSIVE;
				GCC_WARN_UNUSED_FUNCTION = YES;
				GCC_WARN_UNUSED_VARIABLE = YES;
				IPHONEOS_DEPLOYMENT_TARGET = 14.0;
				MTL_ENABLE_DEBUG_INFO = NO;
				MTL_FAST_MATH = YES;
				SDKROOT = iphoneos;
				SWIFT_COMPILATION_MODE = wholemodule;
				SWIFT_OPTIMIZATION_LEVEL = "-O";
				VALIDATE_PRODUCT = YES;
			};
			name = Release;
		};
		D0EB881226971A9300947AAF /* Debug */ = {
			isa = XCBuildConfiguration;
			buildSettings = {
				ASSETCATALOG_COMPILER_APPICON_NAME = AppIcon;
				ASSETCATALOG_COMPILER_GLOBAL_ACCENT_COLOR_NAME = AccentColor;
				CODE_SIGN_STYLE = Automatic;
				DEVELOPMENT_ASSET_PATHS = "\"ValentineLav/Preview Content\"";
				ENABLE_PREVIEWS = YES;
				INFOPLIST_FILE = ValentineLav/Info.plist;
				IPHONEOS_DEPLOYMENT_TARGET = 14.0;
				LD_RUNPATH_SEARCH_PATHS = (
					"$(inherited)",
					"@executable_path/Frameworks",
				);
				PRODUCT_BUNDLE_IDENTIFIER = "-.ValentineLav";
				PRODUCT_NAME = "$(TARGET_NAME)";
				SWIFT_VERSION = 5.0;
				TARGETED_DEVICE_FAMILY = "1,2";
			};
			name = Debug;
		};
		D0EB881326971A9300947AAF /* Release */ = {
			isa = XCBuildConfiguration;
			buildSettings = {
				ASSETCATALOG_COMPILER_APPICON_NAME = AppIcon;
				ASSETCATALOG_COMPILER_GLOBAL_ACCENT_COLOR_NAME = AccentColor;
				CODE_SIGN_STYLE = Automatic;
				DEVELOPMENT_ASSET_PATHS = "\"ValentineLav/Preview Content\"";
				ENABLE_PREVIEWS = YES;
				INFOPLIST_FILE = ValentineLav/Info.plist;
				IPHONEOS_DEPLOYMENT_TARGET = 14.0;
				LD_RUNPATH_SEARCH_PATHS = (
					"$(inherited)",
					"@executable_path/Frameworks",
				);
				PRODUCT_BUNDLE_IDENTIFIER = "-.ValentineLav";
				PRODUCT_NAME = "$(TARGET_NAME)";
				SWIFT_VERSION = 5.0;
				TARGETED_DEVICE_FAMILY = "1,2";
			};
			name = Release;
		};
		D0EB881526971A9300947AAF /* Debug */ = {
			isa = XCBuildConfiguration;
			buildSettings = {
				ALWAYS_EMBED_SWIFT_STANDARD_LIBRARIES = YES;
				BUNDLE_LOADER = "$(TEST_HOST)";
				CODE_SIGN_STYLE = Automatic;
				INFOPLIST_FILE = ValentineLavTests/Info.plist;
				IPHONEOS_DEPLOYMENT_TARGET = 14.0;
				LD_RUNPATH_SEARCH_PATHS = (
					"$(inherited)",
					"@executable_path/Frameworks",
					"@loader_path/Frameworks",
				);
				PRODUCT_BUNDLE_IDENTIFIER = "-.ValentineLavTests";
				PRODUCT_NAME = "$(TARGET_NAME)";
				SWIFT_VERSION = 5.0;
				TARGETED_DEVICE_FAMILY = "1,2";
				TEST_HOST = "$(BUILT_PRODUCTS_DIR)/ValentineLav.app/ValentineLav";
			};
			name = Debug;
		};
		D0EB881626971A9300947AAF /* Release */ = {
			isa = XCBuildConfiguration;
			buildSettings = {
				ALWAYS_EMBED_SWIFT_STANDARD_LIBRARIES = YES;
				BUNDLE_LOADER = "$(TEST_HOST)";
				CODE_SIGN_STYLE = Automatic;
				INFOPLIST_FILE = ValentineLavTests/Info.plist;
				IPHONEOS_DEPLOYMENT_TARGET = 14.0;
				LD_RUNPATH_SEARCH_PATHS = (
					"$(inherited)",
					"@executable_path/Frameworks",
					"@loader_path/Frameworks",
				);
				PRODUCT_BUNDLE_IDENTIFIER = "-.ValentineLavTests";
				PRODUCT_NAME = "$(TARGET_NAME)";
				SWIFT_VERSION = 5.0;
				TARGETED_DEVICE_FAMILY = "1,2";
				TEST_HOST = "$(BUILT_PRODUCTS_DIR)/ValentineLav.app/ValentineLav";
			};
			name = Release;
		};
		D0EB881826971A9300947AAF /* Debug */ = {
			isa = XCBuildConfiguration;
			buildSettings = {
				ALWAYS_EMBED_SWIFT_STANDARD_LIBRARIES = YES;
				CODE_SIGN_STYLE = Automatic;
				INFOPLIST_FILE = ValentineLavUITests/Info.plist;
				LD_RUNPATH_SEARCH_PATHS = (
					"$(inherited)",
					"@executable_path/Frameworks",
					"@loader_path/Frameworks",
				);
				PRODUCT_BUNDLE_IDENTIFIER = "-.ValentineLavUITests";
				PRODUCT_NAME = "$(TARGET_NAME)";
				SWIFT_VERSION = 5.0;
				TARGETED_DEVICE_FAMILY = "1,2";
				TEST_TARGET_NAME = ValentineLav;
			};
			name = Debug;
		};
		D0EB881926971A9300947AAF /* Release */ = {
			isa = XCBuildConfiguration;
			buildSettings = {
				ALWAYS_EMBED_SWIFT_STANDARD_LIBRARIES = YES;
				CODE_SIGN_STYLE = Automatic;
				INFOPLIST_FILE = ValentineLavUITests/Info.plist;
				LD_RUNPATH_SEARCH_PATHS = (
					"$(inherited)",
					"@executable_path/Frameworks",
					"@loader_path/Frameworks",
				);
				PRODUCT_BUNDLE_IDENTIFIER = "-.ValentineLavUITests";
				PRODUCT_NAME = "$(TARGET_NAME)";
				SWIFT_VERSION = 5.0;
				TARGETED_DEVICE_FAMILY = "1,2";
				TEST_TARGET_NAME = ValentineLav;
			};
			name = Release;
		};
/* End XCBuildConfiguration section */

/* Begin XCConfigurationList section */
		D0EB87E726971A9000947AAF /* Build configuration list for PBXProject "ValentineLav" */ = {
			isa = XCConfigurationList;
			buildConfigurations = (
				D0EB880F26971A9300947AAF /* Debug */,
				D0EB881026971A9300947AAF /* Release */,
			);
			defaultConfigurationIsVisible = 0;
			defaultConfigurationName = Release;
		};
		D0EB881126971A9300947AAF /* Build configuration list for PBXNativeTarget "ValentineLav" */ = {
			isa = XCConfigurationList;
			buildConfigurations = (
				D0EB881226971A9300947AAF /* Debug */,
				D0EB881326971A9300947AAF /* Release */,
			);
			defaultConfigurationIsVisible = 0;
			defaultConfigurationName = Release;
		};
		D0EB881426971A9300947AAF /* Build configuration list for PBXNativeTarget "ValentineLavTests" */ = {
			isa = XCConfigurationList;
			buildConfigurations = (
				D0EB881526971A9300947AAF /* Debug */,
				D0EB881626971A9300947AAF /* Release */,
			);
			defaultConfigurationIsVisible = 0;
			defaultConfigurationName = Release;
		};
		D0EB881726971A9300947AAF /* Build configuration list for PBXNativeTarget "ValentineLavUITests" */ = {
			isa = XCConfigurationList;
			buildConfigurations = (
				D0EB881826971A9300947AAF /* Debug */,
				D0EB881926971A9300947AAF /* Release */,
			);
			defaultConfigurationIsVisible = 0;
			defaultConfigurationName = Release;
		};
/* End XCConfigurationList section */

/* Begin XCRemoteSwiftPackageReference section */
		D0EB8857269746A700947AAF /* XCRemoteSwiftPackageReference "Kingfisher" */ = {
			isa = XCRemoteSwiftPackageReference;
			repositoryURL = "https://github.com/onevcat/Kingfisher.git";
			requirement = {
				kind = upToNextMajorVersion;
				minimumVersion = 6.3.0;
			};
		};
/* End XCRemoteSwiftPackageReference section */

/* Begin XCSwiftPackageProductDependency section */
		D0EB8858269746A700947AAF /* Kingfisher */ = {
			isa = XCSwiftPackageProductDependency;
			package = D0EB8857269746A700947AAF /* XCRemoteSwiftPackageReference "Kingfisher" */;
			productName = Kingfisher;
		};
/* End XCSwiftPackageProductDependency section */
	};
	rootObject = D0EB87E426971A9000947AAF /* Project object */;
}
